# This file is automatically @generated by Cargo.
# It is not intended for manual editing.
version = 3

[[package]]
name = "winevt-analyze"
version = "0.1.0"
dependencies = [
 "winevt-core",
 "winevt-session",
]

[[package]]
name = "winevt-core"
version = "0.1.0"

[[package]]
name = "winevt-handlers"
version = "0.1.0"
dependencies = [
 "winevt-core",
]

[[package]]
name = "winevt-session"
version = "0.1.0"
dependencies = [
 "winevt-core",
]
